
Microsoft Visual Studio Solution File, Format Version 12.00
# Visual Studio Version 17
VisualStudioVersion = 17.5.33627.172
MinimumVisualStudioVersion = 10.0.40219.1
Project("{9A19103F-16F7-4668-BE54-9A1E7A4F7556}") = "LabWebApp", "LabWebApp\LabWebApp.csproj", "{6A8243FE-B0E2-4D28-810E-1F01581B4C96}"
EndProject
Project("{FAE04EC0-301F-11D3-BF4B-00C04F79EFBC}") = "LabWebApp.Tests", "LabWebApp.Tests\LabWebApp.Tests.csproj", "{5DF2016B-0917-499B-A9C6-DA27AB54468C}"
EndProject
Global
	GlobalSection(SolutionConfigurationPlatforms) = preSolution
		Debug|Any CPU = Debug|Any CPU
		Release|Any CPU = Release|Any CPU
	EndGlobalSection
	GlobalSection(ProjectConfigurationPlatforms) = postSolution
		{6A8243FE-B0E2-4D28-810E-1F01581B4C96}.Debug|Any CPU.ActiveCfg = Debug|Any CPU
		{6A8243FE-B0E2-4D28-810E-1F01581B4C96}.Debug|Any CPU.Build.0 = Debug|Any CPU
		{6A8243FE-B0E2-4D28-810E-1F01581B4C96}.Release|Any CPU.ActiveCfg = Release|Any CPU
		{6A8243FE-B0E2-4D28-810E-1F01581B4C96}.Release|Any CPU.Build.0 = Release|Any CPU
		{5DF2016B-0917-499B-A9C6-DA27AB54468C}.Debug|Any CPU.ActiveCfg = Debug|Any CPU
		{5DF2016B-0917-499B-A9C6-DA27AB54468C}.Debug|Any CPU.Build.0 = Debug|Any CPU
		{5DF2016B-0917-499B-A9C6-DA27AB54468C}.Release|Any CPU.ActiveCfg = Release|Any CPU
		{5DF2016B-0917-499B-A9C6-DA27AB54468C}.Release|Any CPU.Build.0 = Release|Any CPU
	EndGlobalSection
	GlobalSection(SolutionProperties) = preSolution
		HideSolutionNode = FALSE
	EndGlobalSection
	GlobalSection(ExtensibilityGlobals) = postSolution
		SolutionGuid = {FFE87AE4-8D18-4206-9D72-EC6EE1AE061B}
	EndGlobalSection
EndGlobal
